// !$*UTF8*$!
{
	archiveVersion = 1;
	classes = {
	};
	objectVersion = 50;
	objects = {

/* Begin PBXBuildFile section */
		13A7963E212A81B7005CDF83 /* AppDelegate.swift in Sources */ = {isa = PBXBuildFile; fileRef = 13A7963D212A81B7005CDF83 /* AppDelegate.swift */; };
		13A79640212A81B7005CDF83 /* ViewController.swift in Sources */ = {isa = PBXBuildFile; fileRef = 13A7963F212A81B7005CDF83 /* ViewController.swift */; };
		13A79643212A81B7005CDF83 /* Main.storyboard in Resources */ = {isa = PBXBuildFile; fileRef = 13A79641212A81B7005CDF83 /* Main.storyboard */; };
		13A79645212A81B8005CDF83 /* Assets.xcassets in Resources */ = {isa = PBXBuildFile; fileRef = 13A79644212A81B8005CDF83 /* Assets.xcassets */; };
		13A79648212A81B8005CDF83 /* LaunchScreen.storyboard in Resources */ = {isa = PBXBuildFile; fileRef = 13A79646212A81B8005CDF83 /* LaunchScreen.storyboard */; };
		13A79653212A81B8005CDF83 /* testTests.swift in Sources */ = {isa = PBXBuildFile; fileRef = 13A79652212A81B8005CDF83 /* testTests.swift */; };
		13A7965E212A81B8005CDF83 /* testUITests.swift in Sources */ = {isa = PBXBuildFile; fileRef = 13A7965D212A81B8005CDF83 /* testUITests.swift */; };
		13A7966C212A8916005CDF83 /* MineViewController.swift in Sources */ = {isa = PBXBuildFile; fileRef = 13A7966B212A8916005CDF83 /* MineViewController.swift */; };
		13EB4601212AE66B00569AAD /* HomeUIView.swift in Sources */ = {isa = PBXBuildFile; fileRef = 13EB4600212AE66B00569AAD /* HomeUIView.swift */; };
/* End PBXBuildFile section */

/* Begin PBXContainerItemProxy section */
		13A7964F212A81B8005CDF83 /* PBXContainerItemProxy */ = {
			isa = PBXContainerItemProxy;
			containerPortal = 13A79632212A81B7005CDF83 /* Project object */;
			proxyType = 1;
			remoteGlobalIDString = 13A79639212A81B7005CDF83;
			remoteInfo = test;
		};
		13A7965A212A81B8005CDF83 /* PBXContainerItemProxy */ = {
			isa = PBXContainerItemProxy;
			containerPortal = 13A79632212A81B7005CDF83 /* Project object */;
			proxyType = 1;
			remoteGlobalIDString = 13A79639212A81B7005CDF83;
			remoteInfo = test;
		};
/* End PBXContainerItemProxy section */

/* Begin PBXFileReference section */
		13A7963A212A81B7005CDF83 /* test.app */ = {isa = PBXFileReference; explicitFileType = wrapper.application; includeInIndex = 0; path = test.app; sourceTree = BUILT_PRODUCTS_DIR; };
		13A7963D212A81B7005CDF83 /* AppDelegate.swift */ = {isa = PBXFileReference; lastKnownFileType = sourcecode.swift; path = AppDelegate.swift; sourceTree = "<group>"; };
		13A7963F212A81B7005CDF83 /* ViewController.swift */ = {isa = PBXFileReference; lastKnownFileType = sourcecode.swift; path = ViewController.swift; sourceTree = "<group>"; };
		13A79642212A81B7005CDF83 /* Base */ = {isa = PBXFileReference; lastKnownFileType = file.storyboard; name = Base; path = Base.lproj/Main.storyboard; sourceTree = "<group>"; };
		13A79644212A81B8005CDF83 /* Assets.xcassets */ = {isa = PBXFileReference; lastKnownFileType = folder.assetcatalog; path = Assets.xcassets; sourceTree = "<group>"; };
		13A79647212A81B8005CDF83 /* Base */ = {isa = PBXFileReference; lastKnownFileType = file.storyboard; name = Base; path = Base.lproj/LaunchScreen.storyboard; sourceTree = "<group>"; };
		13A79649212A81B8005CDF83 /* Info.plist */ = {isa = PBXFileReference; lastKnownFileType = text.plist.xml; path = Info.plist; sourceTree = "<group>"; };
		13A7964E212A81B8005CDF83 /* testTests.xctest */ = {isa = PBXFileReference; explicitFileType = wrapper.cfbundle; includeInIndex = 0; path = testTests.xctest; sourceTree = BUILT_PRODUCTS_DIR; };
		13A79652212A81B8005CDF83 /* testTests.swift */ = {isa = PBXFileReference; lastKnownFileType = sourcecode.swift; path = testTests.swift; sourceTree = "<group>"; };
		13A79654212A81B8005CDF83 /* Info.plist */ = {isa = PBXFileReference; lastKnownFileType = text.plist.xml; path = Info.plist; sourceTree = "<group>"; };
		13A79659212A81B8005CDF83 /* testUITests.xctest */ = {isa = PBXFileReference; explicitFileType = wrapper.cfbundle; includeInIndex = 0; path = testUITests.xctest; sourceTree = BUILT_PRODUCTS_DIR; };
		13A7965D212A81B8005CDF83 /* testUITests.swift */ = {isa = PBXFileReference; lastKnownFileType = sourcecode.swift; path = testUITests.swift; sourceTree = "<group>"; };
		13A7965F212A81B8005CDF83 /* Info.plist */ = {isa = PBXFileReference; lastKnownFileType = text.plist.xml; path = Info.plist; sourceTree = "<group>"; };
		13A7966B212A8916005CDF83 /* MineViewController.swift */ = {isa = PBXFileReference; lastKnownFileType = sourcecode.swift; path = MineViewController.swift; sourceTree = "<group>"; };
		13EB4600212AE66B00569AAD /* HomeUIView.swift */ = {isa = PBXFileReference; lastKnownFileType = sourcecode.swift; path = HomeUIView.swift; sourceTree = "<group>"; };
/* End PBXFileReference section */

/* Begin PBXFrameworksBuildPhase section */
		13A79637212A81B7005CDF83 /* Frameworks */ = {
			isa = PBXFrameworksBuildPhase;
			buildActionMask = 2147483647;
			files = (
			);
			runOnlyForDeploymentPostprocessing = 0;
		};
		13A7964B212A81B8005CDF83 /* Frameworks */ = {
			isa = PBXFrameworksBuildPhase;
			buildActionMask = 2147483647;
			files = (
			);
			runOnlyForDeploymentPostprocessing = 0;
		};
		13A79656212A81B8005CDF83 /* Frameworks */ = {
			isa = PBXFrameworksBuildPhase;
			buildActionMask = 2147483647;
			files = (
			);
			runOnlyForDeploymentPostprocessing = 0;
		};
/* End PBXFrameworksBuildPhase section */

/* Begin PBXGroup section */
		13A79631212A81B7005CDF83 = {
			isa = PBXGroup;
			children = (
				13A7963C212A81B7005CDF83 /* test */,
				13A79651212A81B8005CDF83 /* testTests */,
				13A7965C212A81B8005CDF83 /* testUITests */,
				13A7963B212A81B7005CDF83 /* Products */,
			);
			sourceTree = "<group>";
		};
		13A7963B212A81B7005CDF83 /* Products */ = {
			isa = PBXGroup;
			children = (
				13A7963A212A81B7005CDF83 /* test.app */,
				13A7964E212A81B8005CDF83 /* testTests.xctest */,
				13A79659212A81B8005CDF83 /* testUITests.xctest */,
			);
			name = Products;
			sourceTree = "<group>";
		};
		13A7963C212A81B7005CDF83 /* test */ = {
			isa = PBXGroup;
			children = (
				13A7963D212A81B7005CDF83 /* AppDelegate.swift */,
				13A7963F212A81B7005CDF83 /* ViewController.swift */,
				13A79641212A81B7005CDF83 /* Main.storyboard */,
				13A79644212A81B8005CDF83 /* Assets.xcassets */,
				13A79646212A81B8005CDF83 /* LaunchScreen.storyboard */,
				13A79649212A81B8005CDF83 /* Info.plist */,
				13A7966B212A8916005CDF83 /* MineViewController.swift */,
				13EB4600212AE66B00569AAD /* HomeUIView.swift */,
			);
			path = test;
			sourceTree = "<group>";
		};
		13A79651212A81B8005CDF83 /* testTests */ = {
			isa = PBXGroup;
			children = (
				13A79652212A81B8005CDF83 /* testTests.swift */,
				13A79654212A81B8005CDF83 /* Info.plist */,
			);
			path = testTests;
			sourceTree = "<group>";
		};
		13A7965C212A81B8005CDF83 /* testUITests */ = {
			isa = PBXGroup;
			children = (
				13A7965D212A81B8005CDF83 /* testUITests.swift */,
				13A7965F212A81B8005CDF83 /* Info.plist */,
			);
			path = testUITests;
			sourceTree = "<group>";
		};
/* End PBXGroup section */

/* Begin PBXNativeTarget section */
		13A79639212A81B7005CDF83 /* test */ = {
			isa = PBXNativeTarget;
			buildConfigurationList = 13A79662212A81B8005CDF83 /* Build configuration list for PBXNativeTarget "test" */;
			buildPhases = (
				13A79636212A81B7005CDF83 /* Sources */,
				13A79637212A81B7005CDF83 /* Frameworks */,
				13A79638212A81B7005CDF83 /* Resources */,
			);
			buildRules = (
			);
			dependencies = (
			);
			name = test;
			productName = test;
			productReference = 13A7963A212A81B7005CDF83 /* test.app */;
			productType = "com.apple.product-type.application";
		};
		13A7964D212A81B8005CDF83 /* testTests */ = {
			isa = PBXNativeTarget;
			buildConfigurationList = 13A79665212A81B8005CDF83 /* Build configuration list for PBXNativeTarget "testTests" */;
			buildPhases = (
				13A7964A212A81B8005CDF83 /* Sources */,
				13A7964B212A81B8005CDF83 /* Frameworks */,
				13A7964C212A81B8005CDF83 /* Resources */,
			);
			buildRules = (
			);
			dependencies = (
				13A79650212A81B8005CDF83 /* PBXTargetDependency */,
			);
			name = testTests;
			productName = testTests;
			productReference = 13A7964E212A81B8005CDF83 /* testTests.xctest */;
			productType = "com.apple.product-type.bundle.unit-test";
		};
		13A79658212A81B8005CDF83 /* testUITests */ = {
			isa = PBXNativeTarget;
			buildConfigurationList = 13A79668212A81B8005CDF83 /* Build configuration list for PBXNativeTarget "testUITests" */;
			buildPhases = (
				13A79655212A81B8005CDF83 /* Sources */,
				13A79656212A81B8005CDF83 /* Frameworks */,
				13A79657212A81B8005CDF83 /* Resources */,
			);
			buildRules = (
			);
			dependencies = (
				13A7965B212A81B8005CDF83 /* PBXTargetDependency */,
			);
			name = testUITests;
			productName = testUITests;
			productReference = 13A79659212A81B8005CDF83 /* testUITests.xctest */;
			productType = "com.apple.product-type.bundle.ui-testing";
		};
/* End PBXNativeTarget section */

/* Begin PBXProject section */
		13A79632212A81B7005CDF83 /* Project object */ = {
			isa = PBXProject;
			attributes = {
				LastSwiftUpdateCheck = 0940;
				LastUpgradeCheck = 0940;
				ORGANIZATIONNAME = "叶远辰";
				TargetAttributes = {
					13A79639212A81B7005CDF83 = {
						CreatedOnToolsVersion = 9.4.1;
					};
					13A7964D212A81B8005CDF83 = {
						CreatedOnToolsVersion = 9.4.1;
						TestTargetID = 13A79639212A81B7005CDF83;
					};
					13A79658212A81B8005CDF83 = {
						CreatedOnToolsVersion = 9.4.1;
						TestTargetID = 13A79639212A81B7005CDF83;
					};
				};
			};
			buildConfigurationList = 13A79635212A81B7005CDF83 /* Build configuration list for PBXProject "test" */;
			compatibilityVersion = "Xcode 9.3";
			developmentRegion = en;
			hasScannedForEncodings = 0;
			knownRegions = (
				en,
				Base,
			);
			mainGroup = 13A79631212A81B7005CDF83;
			productRefGroup = 13A7963B212A81B7005CDF83 /* Products */;
			projectDirPath = "";
			projectRoot = "";
			targets = (
				13A79639212A81B7005CDF83 /* test */,
				13A7964D212A81B8005CDF83 /* testTests */,
				13A79658212A81B8005CDF83 /* testUITests */,
			);
		};
/* End PBXProject section */

/* Begin PBXResourcesBuildPhase section */
		13A79638212A81B7005CDF83 /* Resources */ = {
			isa = PBXResourcesBuildPhase;
			buildActionMask = 2147483647;
			files = (
				13A79648212A81B8005CDF83 /* LaunchScreen.storyboard in Resources */,
				13A79645212A81B8005CDF83 /* Assets.xcassets in Resources */,
				13A79643212A81B7005CDF83 /* Main.storyboard in Resources */,
			);
			runOnlyForDeploymentPostprocessing = 0;
		};
		13A7964C212A81B8005CDF83 /* Resources */ = {
			isa = PBXResourcesBuildPhase;
			buildActionMask = 2147483647;
			files = (
			);
			runOnlyForDeploymentPostprocessing = 0;
		};
		13A79657212A81B8005CDF83 /* Resources */ = {
			isa = PBXResourcesBuildPhase;
			buildActionMask = 2147483647;
			files = (
			);
			runOnlyForDeploymentPostprocessing = 0;
		};
/* End PBXResourcesBuildPhase section */

/* Begin PBXSourcesBuildPhase section */
		13A79636212A81B7005CDF83 /* Sources */ = {
			isa = PBXSourcesBuildPhase;
			buildActionMask = 2147483647;
			files = (
				13A79640212A81B7005CDF83 /* ViewController.swift in Sources */,
				13EB4601212AE66B00569AAD /* HomeUIView.swift in Sources */,
				13A7963E212A81B7005CDF83 /* AppDelegate.swift in Sources */,
				13A7966C212A8916005CDF83 /* MineViewController.swift in Sources */,
			);
			runOnlyForDeploymentPostprocessing = 0;
		};
		13A7964A212A81B8005CDF83 /* Sources */ = {
			isa = PBXSourcesBuildPhase;
			buildActionMask = 2147483647;
			files = (
				13A79653212A81B8005CDF83 /* testTests.swift in Sources */,
			);
			runOnlyForDeploymentPostprocessing = 0;
		};
		13A79655212A81B8005CDF83 /* Sources */ = {
			isa = PBXSourcesBuildPhase;
			buildActionMask = 2147483647;
			files = (
				13A7965E212A81B8005CDF83 /* testUITests.swift in Sources */,
			);
			runOnlyForDeploymentPostprocessing = 0;
		};
/* End PBXSourcesBuildPhase section */

/* Begin PBXTargetDependency section */
		13A79650212A81B8005CDF83 /* PBXTargetDependency */ = {
			isa = PBXTargetDependency;
			target = 13A79639212A81B7005CDF83 /* test */;
			targetProxy = 13A7964F212A81B8005CDF83 /* PBXContainerItemProxy */;
		};
		13A7965B212A81B8005CDF83 /* PBXTargetDependency */ = {
			isa = PBXTargetDependency;
			target = 13A79639212A81B7005CDF83 /* test */;
			targetProxy = 13A7965A212A81B8005CDF83 /* PBXContainerItemProxy */;
		};
/* End PBXTargetDependency section */

/* Begin PBXVariantGroup section */
		13A79641212A81B7005CDF83 /* Main.storyboard */ = {
			isa = PBXVariantGroup;
			children = (
				13A79642212A81B7005CDF83 /* Base */,
			);
			name = Main.storyboard;
			sourceTree = "<group>";
		};
		13A79646212A81B8005CDF83 /* LaunchScreen.storyboard */ = {
			isa = PBXVariantGroup;
			children = (
				13A79647212A81B8005CDF83 /* Base */,
			);
			name = LaunchScreen.storyboard;
			sourceTree = "<group>";
		};
/* End PBXVariantGroup section */

/* Begin XCBuildConfiguration section */
		13A79660212A81B8005CDF83 /* Debug */ = {
			isa = XCBuildConfiguration;
			buildSettings = {
				ALWAYS_SEARCH_USER_PATHS = NO;
				CLANG_ANALYZER_NONNULL = YES;
				CLANG_ANALYZER_NUMBER_OBJECT_CONVERSION = YES_AGGRESSIVE;
				CLANG_CXX_LANGUAGE_STANDARD = "gnu++14";
				CLANG_CXX_LIBRARY = "libc++";
				CLANG_ENABLE_MODULES = YES;
				CLANG_ENABLE_OBJC_ARC = YES;
				CLANG_ENABLE_OBJC_WEAK = YES;
				CLANG_WARN_BLOCK_CAPTURE_AUTORELEASING = YES;
				CLANG_WARN_BOOL_CONVERSION = YES;
				CLANG_WARN_COMMA = YES;
				CLANG_WARN_CONSTANT_CONVERSION = YES;
				CLANG_WARN_DEPRECATED_OBJC_IMPLEMENTATIONS = YES;
				CLANG_WARN_DIRECT_OBJC_ISA_USAGE = YES_ERROR;
				CLANG_WARN_DOCUMENTATION_COMMENTS = YES;
				CLANG_WARN_EMPTY_BODY = YES;
				CLANG_WARN_ENUM_CONVERSION = YES;
				CLANG_WARN_INFINITE_RECURSION = YES;
				CLANG_WARN_INT_CONVERSION = YES;
				CLANG_WARN_NON_LITERAL_NULL_CONVERSION = YES;
				CLANG_WARN_OBJC_IMPLICIT_RETAIN_SELF = YES;
				CLANG_WARN_OBJC_LITERAL_CONVERSION = YES;
				CLANG_WARN_OBJC_ROOT_CLASS = YES_ERROR;
				CLANG_WARN_RANGE_LOOP_ANALYSIS = YES;
				CLANG_WARN_STRICT_PROTOTYPES = YES;
				CLANG_WARN_SUSPICIOUS_MOVE = YES;
				CLANG_WARN_UNGUARDED_AVAILABILITY = YES_AGGRESSIVE;
				CLANG_WARN_UNREACHABLE_CODE = YES;
				CLANG_WARN__DUPLICATE_METHOD_MATCH = YES;
				CODE_SIGN_IDENTITY = "iPhone Developer";
				COPY_PHASE_STRIP = NO;
				DEBUG_INFORMATION_FORMAT = dwarf;
				ENABLE_STRICT_OBJC_MSGSEND = YES;
				ENABLE_TESTABILITY = YES;
				GCC_C_LANGUAGE_STANDARD = gnu11;
				GCC_DYNAMIC_NO_PIC = NO;
				GCC_NO_COMMON_BLOCKS = YES;
				GCC_OPTIMIZATION_LEVEL = 0;
				GCC_PREPROCESSOR_DEFINITIONS = (
					"DEBUG=1",
					"$(inherited)",
				);
				GCC_WARN_64_TO_32_BIT_CONVERSION = YES;
				GCC_WARN_ABOUT_RETURN_TYPE = YES_ERROR;
				GCC_WARN_UNDECLARED_SELECTOR = YES;
				GCC_WARN_UNINITIALIZED_AUTOS = YES_AGGRESSIVE;
				GCC_WARN_UNUSED_FUNCTION = YES;
				GCC_WARN_UNUSED_VARIABLE = YES;
				IPHONEOS_DEPLOYMENT_TARGET = 11.4;
				MTL_ENABLE_DEBUG_INFO = YES;
				ONLY_ACTIVE_ARCH = YES;
				SDKROOT = iphoneos;
				SWIFT_ACTIVE_COMPILATION_CONDITIONS = DEBUG;
				SWIFT_OPTIMIZATION_LEVEL = "-Onone";
			};
			name = Debug;
		};
		13A79661212A81B8005CDF83 /* Release */ = {
			isa = XCBuildConfiguration;
			buildSettings = {
				ALWAYS_SEARCH_USER_PATHS = NO;
				CLANG_ANALYZER_NONNULL = YES;
				CLANG_ANALYZER_NUMBER_OBJECT_CONVERSION = YES_AGGRESSIVE;
				CLANG_CXX_LANGUAGE_STANDARD = "gnu++14";
				CLANG_CXX_LIBRARY = "libc++";
				CLANG_ENABLE_MODULES = YES;
				CLANG_ENABLE_OBJC_ARC = YES;
				CLANG_ENABLE_OBJC_WEAK = YES;
				CLANG_WARN_BLOCK_CAPTURE_AUTORELEASING = YES;
				CLANG_WARN_BOOL_CONVERSION = YES;
				CLANG_WARN_COMMA = YES;
				CLANG_WARN_CONSTANT_CONVERSION = YES;
				CLANG_WARN_DEPRECATED_OBJC_IMPLEMENTATIONS = YES;
				CLANG_WARN_DIRECT_OBJC_ISA_USAGE = YES_ERROR;
				CLANG_WARN_DOCUMENTATION_COMMENTS = YES;
				CLANG_WARN_EMPTY_BODY = YES;
				CLANG_WARN_ENUM_CONVERSION = YES;
				CLANG_WARN_INFINITE_RECURSION = YES;
				CLANG_WARN_INT_CONVERSION = YES;
				CLANG_WARN_NON_LITERAL_NULL_CONVERSION = YES;
				CLANG_WARN_OBJC_IMPLICIT_RETAIN_SELF = YES;
				CLANG_WARN_OBJC_LITERAL_CONVERSION = YES;
				CLANG_WARN_OBJC_ROOT_CLASS = YES_ERROR;
				CLANG_WARN_RANGE_LOOP_ANALYSIS = YES;
				CLANG_WARN_STRICT_PROTOTYPES = YES;
				CLANG_WARN_SUSPICIOUS_MOVE = YES;
				CLANG_WARN_UNGUARDED_AVAILABILITY = YES_AGGRESSIVE;
				CLANG_WARN_UNREACHABLE_CODE = YES;
				CLANG_WARN__DUPLICATE_METHOD_MATCH = YES;
				CODE_SIGN_IDENTITY = "iPhone Developer";
				COPY_PHASE_STRIP = NO;
				DEBUG_INFORMATION_FORMAT = "dwarf-with-dsym";
				ENABLE_NS_ASSERTIONS = NO;
				ENABLE_STRICT_OBJC_MSGSEND = YES;
				GCC_C_LANGUAGE_STANDARD = gnu11;
				GCC_NO_COMMON_BLOCKS = YES;
				GCC_WARN_64_TO_32_BIT_CONVERSION = YES;
				GCC_WARN_ABOUT_RETURN_TYPE = YES_ERROR;
				GCC_WARN_UNDECLARED_SELECTOR = YES;
				GCC_WARN_UNINITIALIZED_AUTOS = YES_AGGRESSIVE;
				GCC_WARN_UNUSED_FUNCTION = YES;
				GCC_WARN_UNUSED_VARIABLE = YES;
				IPHONEOS_DEPLOYMENT_TARGET = 11.4;
				MTL_ENABLE_DEBUG_INFO = NO;
				SDKROOT = iphoneos;
				SWIFT_COMPILATION_MODE = wholemodule;
				SWIFT_OPTIMIZATION_LEVEL = "-O";
				VALIDATE_PRODUCT = YES;
			};
			name = Release;
		};
		13A79663212A81B8005CDF83 /* Debug */ = {
			isa = XCBuildConfiguration;
			buildSettings = {
				ASSETCATALOG_COMPILER_APPICON_NAME = AppIcon;
				CODE_SIGN_STYLE = Automatic;
				DEVELOPMENT_TEAM = 6LHM3ZUGHF;
				INFOPLIST_FILE = test/Info.plist;
				LD_RUNPATH_SEARCH_PATHS = (
					"$(inherited)",
					"@executable_path/Frameworks",
				);
				PRODUCT_BUNDLE_IDENTIFIER = cn.reeye.test;
				PRODUCT_NAME = "$(TARGET_NAME)";
				SWIFT_VERSION = 4.0;
				TARGETED_DEVICE_FAMILY = "1,2";
			};
			name = Debug;
		};
		13A79664212A81B8005CDF83 /* Release */ = {
			isa = XCBuildConfiguration;
			buildSettings = {
				ASSETCATALOG_COMPILER_APPICON_NAME = AppIcon;
				CODE_SIGN_STYLE = Automatic;
				DEVELOPMENT_TEAM = 6LHM3ZUGHF;
				INFOPLIST_FILE = test/Info.plist;
				LD_RUNPATH_SEARCH_PATHS = (
					"$(inherited)",
					"@executable_path/Frameworks",
				);
				PRODUCT_BUNDLE_IDENTIFIER = cn.reeye.test;
				PRODUCT_NAME = "$(TARGET_NAME)";
				SWIFT_VERSION = 4.0;
				TARGETED_DEVICE_FAMILY = "1,2";
			};
			name = Release;
		};
		13A79666212A81B8005CDF83 /* Debug */ = {
			isa = XCBuildConfiguration;
			buildSettings = {
				ALWAYS_EMBED_SWIFT_STANDARD_LIBRARIES = YES;
				BUNDLE_LOADER = "$(TEST_HOST)";
				CODE_SIGN_STYLE = Automatic;
				INFOPLIST_FILE = testTests/Info.plist;
				LD_RUNPATH_SEARCH_PATHS = (
					"$(inherited)",
					"@executable_path/Frameworks",
					"@loader_path/Frameworks",
				);
				PRODUCT_BUNDLE_IDENTIFIER = cn.reeye.testTests;
				PRODUCT_NAME = "$(TARGET_NAME)";
				SWIFT_VERSION = 4.0;
				TARGETED_DEVICE_FAMILY = "1,2";
				TEST_HOST = "$(BUILT_PRODUCTS_DIR)/test.app/test";
			};
			name = Debug;
		};
		13A79667212A81B8005CDF83 /* Release */ = {
			isa = XCBuildConfiguration;
			buildSettings = {
				ALWAYS_EMBED_SWIFT_STANDARD_LIBRARIES = YES;
				BUNDLE_LOADER = "$(TEST_HOST)";
				CODE_SIGN_STYLE = Automatic;
				INFOPLIST_FILE = testTests/Info.plist;
				LD_RUNPATH_SEARCH_PATHS = (
					"$(inherited)",
					"@executable_path/Frameworks",
					"@loader_path/Frameworks",
				);
				PRODUCT_BUNDLE_IDENTIFIER = cn.reeye.testTests;
				PRODUCT_NAME = "$(TARGET_NAME)";
				SWIFT_VERSION = 4.0;
				TARGETED_DEVICE_FAMILY = "1,2";
				TEST_HOST = "$(BUILT_PRODUCTS_DIR)/test.app/test";
			};
			name = Release;
		};
		13A79669212A81B8005CDF83 /* Debug */ = {
			isa = XCBuildConfiguration;
			buildSettings = {
				ALWAYS_EMBED_SWIFT_STANDARD_LIBRARIES = YES;
				CODE_SIGN_STYLE = Automatic;
				INFOPLIST_FILE = testUITests/Info.plist;
				LD_RUNPATH_SEARCH_PATHS = (
					"$(inherited)",
					"@executable_path/Frameworks",
					"@loader_path/Frameworks",
				);
				PRODUCT_BUNDLE_IDENTIFIER = cn.reeye.testUITests;
				PRODUCT_NAME = "$(TARGET_NAME)";
				SWIFT_VERSION = 4.0;
				TARGETED_DEVICE_FAMILY = "1,2";
				TEST_TARGET_NAME = test;
			};
			name = Debug;
		};
		13A7966A212A81B8005CDF83 /* Release */ = {
			isa = XCBuildConfiguration;
			buildSettings = {
				ALWAYS_EMBED_SWIFT_STANDARD_LIBRARIES = YES;
				CODE_SIGN_STYLE = Automatic;
				INFOPLIST_FILE = testUITests/Info.plist;
				LD_RUNPATH_SEARCH_PATHS = (
					"$(inherited)",
					"@executable_path/Frameworks",
					"@loader_path/Frameworks",
				);
				PRODUCT_BUNDLE_IDENTIFIER = cn.reeye.testUITests;
				PRODUCT_NAME = "$(TARGET_NAME)";
				SWIFT_VERSION = 4.0;
				TARGETED_DEVICE_FAMILY = "1,2";
				TEST_TARGET_NAME = test;
			};
			name = Release;
		};
/* End XCBuildConfiguration section */

/* Begin XCConfigurationList section */
		13A79635212A81B7005CDF83 /* Build configuration list for PBXProject "test" */ = {
			isa = XCConfigurationList;
			buildConfigurations = (
				13A79660212A81B8005CDF83 /* Debug */,
				13A79661212A81B8005CDF83 /* Release */,
			);
			defaultConfigurationIsVisible = 0;
			defaultConfigurationName = Release;
		};
		13A79662212A81B8005CDF83 /* Build configuration list for PBXNativeTarget "test" */ = {
			isa = XCConfigurationList;
			buildConfigurations = (
				13A79663212A81B8005CDF83 /* Debug */,
				13A79664212A81B8005CDF83 /* Release */,
			);
			defaultConfigurationIsVisible = 0;
			defaultConfigurationName = Release;
		};
		13A79665212A81B8005CDF83 /* Build configuration list for PBXNativeTarget "testTests" */ = {
			isa = XCConfigurationList;
			buildConfigurations = (
				13A79666212A81B8005CDF83 /* Debug */,
				13A79667212A81B8005CDF83 /* Release */,
			);
			defaultConfigurationIsVisible = 0;
			defaultConfigurationName = Release;
		};
		13A79668212A81B8005CDF83 /* Build configuration list for PBXNativeTarget "testUITests" */ = {
			isa = XCConfigurationList;
			buildConfigurations = (
				13A79669212A81B8005CDF83 /* Debug */,
				13A7966A212A81B8005CDF83 /* Release */,
			);
			defaultConfigurationIsVisible = 0;
			defaultConfigurationName = Release;
		};
/* End XCConfigurationList section */
	};
	rootObject = 13A79632212A81B7005CDF83 /* Project object */;
}
